
Microsoft Visual Studio Solution File, Format Version 12.00
# Visual Studio 15
VisualStudioVersion = 15.0.27130.2024
MinimumVisualStudioVersion = 10.0.40219.1
Project("{FAE04EC0-301F-11D3-BF4B-00C04F79EFBC}") = "SplitProject", "SplitProject\SplitProject.csproj", "{B9DE7ADC-5692-418C-9725-917CA56258B7}"
EndProject
Project("{FAE04EC0-301F-11D3-BF4B-00C04F79EFBC}") = "SplitProject.Tests", "SplitProject.Tests\SplitProject.Tests.csproj", "{3B8C68E2-A65F-4F21-9CA9-87ED99E6A70F}"
EndProject
Project("{FAE04EC0-301F-11D3-BF4B-00C04F79EFBC}") = "Core", "Core\Core.csproj", "{06C3B371-D3B6-45B7-ACB7-73B50692049E}"
EndProject
Project("{FAE04EC0-301F-11D3-BF4B-00C04F79EFBC}") = "ConsoleTest", "ConsoleTest\ConsoleTest.csproj", "{B090F156-120F-4F13-BCF0-E9874A5CD672}"
EndProject
Project("{2150E333-8FDC-42A3-9474-1A3956D46DE8}") = "Solution Items", "Solution Items", "{C60129C5-AA61-4DF1-AB1A-B78E33F1E752}"
	ProjectSection(SolutionItems) = preProject
		README.md = README.md
	EndProjectSection
EndProject
Global
	GlobalSection(SolutionConfigurationPlatforms) = preSolution
		Debug|Any CPU = Debug|Any CPU
		Release|Any CPU = Release|Any CPU
	EndGlobalSection
	GlobalSection(ProjectConfigurationPlatforms) = postSolution
		{B9DE7ADC-5692-418C-9725-917CA56258B7}.Debug|Any CPU.ActiveCfg = Debug|Any CPU
		{B9DE7ADC-5692-418C-9725-917CA56258B7}.Debug|Any CPU.Build.0 = Debug|Any CPU
		{B9DE7ADC-5692-418C-9725-917CA56258B7}.Release|Any CPU.ActiveCfg = Release|Any CPU
		{B9DE7ADC-5692-418C-9725-917CA56258B7}.Release|Any CPU.Build.0 = Release|Any CPU
		{3B8C68E2-A65F-4F21-9CA9-87ED99E6A70F}.Debug|Any CPU.ActiveCfg = Debug|Any CPU
		{3B8C68E2-A65F-4F21-9CA9-87ED99E6A70F}.Debug|Any CPU.Build.0 = Debug|Any CPU
		{3B8C68E2-A65F-4F21-9CA9-87ED99E6A70F}.Release|Any CPU.ActiveCfg = Release|Any CPU
		{3B8C68E2-A65F-4F21-9CA9-87ED99E6A70F}.Release|Any CPU.Build.0 = Release|Any CPU
		{06C3B371-D3B6-45B7-ACB7-73B50692049E}.Debug|Any CPU.ActiveCfg = Debug|Any CPU
		{06C3B371-D3B6-45B7-ACB7-73B50692049E}.Debug|Any CPU.Build.0 = Debug|Any CPU
		{06C3B371-D3B6-45B7-ACB7-73B50692049E}.Release|Any CPU.ActiveCfg = Release|Any CPU
		{06C3B371-D3B6-45B7-ACB7-73B50692049E}.Release|Any CPU.Build.0 = Release|Any CPU
		{B090F156-120F-4F13-BCF0-E9874A5CD672}.Debug|Any CPU.ActiveCfg = Debug|Any CPU
		{B090F156-120F-4F13-BCF0-E9874A5CD672}.Debug|Any CPU.Build.0 = Debug|Any CPU
		{B090F156-120F-4F13-BCF0-E9874A5CD672}.Release|Any CPU.ActiveCfg = Release|Any CPU
		{B090F156-120F-4F13-BCF0-E9874A5CD672}.Release|Any CPU.Build.0 = Release|Any CPU
	EndGlobalSection
	GlobalSection(SolutionProperties) = preSolution
		HideSolutionNode = FALSE
	EndGlobalSection
	GlobalSection(ExtensibilityGlobals) = postSolution
		SolutionGuid = {3BE39F24-ED01-41B8-B5B4-2E23C7AAB6F4}
	EndGlobalSection
EndGlobal
